
Microsoft Visual Studio Solution File, Format Version 12.00
Project("{2150E333-8FDC-42A3-9474-1A3956D46DE8}") = "src", "src", "{5317EC28-D3A9-48DF-9EA8-95409D730A67}"
EndProject
Project("{2150E333-8FDC-42A3-9474-1A3956D46DE8}") = "test", "test", "{4E1C3A47-731E-4485-B5C4-EEDB1C8D38C2}"
EndProject
Project("{FAE04EC0-301F-11D3-BF4B-00C04F79EFBC}") = "PrimeBooking.API", "src\PrimeBooking.API\PrimeBooking.API.csproj", "{DA314A38-B873-4AC8-BFCB-266ED389E12B}"
EndProject
Project("{FAE04EC0-301F-11D3-BF4B-00C04F79EFBC}") = "PrimeBooking.Infrastructure", "src\PrimeBooking.Infrastructure\PrimeBooking.Infrastructure.csproj", "{C30CAA40-1EAC-46A5-A26B-6616669DC676}"
EndProject
Project("{FAE04EC0-301F-11D3-BF4B-00C04F79EFBC}") = "PrimeBooking.Application", "src\PrimeBooking.Application\PrimeBooking.Application.csproj", "{B1D357F9-34D4-4139-976E-BAA117B1FDE9}"
EndProject
Project("{FAE04EC0-301F-11D3-BF4B-00C04F79EFBC}") = "PrimeBooking.Domain", "src\PrimeBooking.Domain\PrimeBooking.Domain.csproj", "{56630613-D833-4804-AA2F-CBF7EF5D7A90}"
EndProject
Global
	GlobalSection(SolutionConfigurationPlatforms) = preSolution
		Debug|Any CPU = Debug|Any CPU
		Release|Any CPU = Release|Any CPU
	EndGlobalSection
	GlobalSection(NestedProjects) = preSolution
		{DA314A38-B873-4AC8-BFCB-266ED389E12B} = {5317EC28-D3A9-48DF-9EA8-95409D730A67}
		{C30CAA40-1EAC-46A5-A26B-6616669DC676} = {5317EC28-D3A9-48DF-9EA8-95409D730A67}
		{B1D357F9-34D4-4139-976E-BAA117B1FDE9} = {5317EC28-D3A9-48DF-9EA8-95409D730A67}
		{56630613-D833-4804-AA2F-CBF7EF5D7A90} = {5317EC28-D3A9-48DF-9EA8-95409D730A67}
	EndGlobalSection
	GlobalSection(ProjectConfigurationPlatforms) = postSolution
		{DA314A38-B873-4AC8-BFCB-266ED389E12B}.Debug|Any CPU.ActiveCfg = Debug|Any CPU
		{DA314A38-B873-4AC8-BFCB-266ED389E12B}.Debug|Any CPU.Build.0 = Debug|Any CPU
		{DA314A38-B873-4AC8-BFCB-266ED389E12B}.Release|Any CPU.ActiveCfg = Release|Any CPU
		{DA314A38-B873-4AC8-BFCB-266ED389E12B}.Release|Any CPU.Build.0 = Release|Any CPU
		{C30CAA40-1EAC-46A5-A26B-6616669DC676}.Debug|Any CPU.ActiveCfg = Debug|Any CPU
		{C30CAA40-1EAC-46A5-A26B-6616669DC676}.Debug|Any CPU.Build.0 = Debug|Any CPU
		{C30CAA40-1EAC-46A5-A26B-6616669DC676}.Release|Any CPU.ActiveCfg = Release|Any CPU
		{C30CAA40-1EAC-46A5-A26B-6616669DC676}.Release|Any CPU.Build.0 = Release|Any CPU
		{B1D357F9-34D4-4139-976E-BAA117B1FDE9}.Debug|Any CPU.ActiveCfg = Debug|Any CPU
		{B1D357F9-34D4-4139-976E-BAA117B1FDE9}.Debug|Any CPU.Build.0 = Debug|Any CPU
		{B1D357F9-34D4-4139-976E-BAA117B1FDE9}.Release|Any CPU.ActiveCfg = Release|Any CPU
		{B1D357F9-34D4-4139-976E-BAA117B1FDE9}.Release|Any CPU.Build.0 = Release|Any CPU
		{56630613-D833-4804-AA2F-CBF7EF5D7A90}.Debug|Any CPU.ActiveCfg = Debug|Any CPU
		{56630613-D833-4804-AA2F-CBF7EF5D7A90}.Debug|Any CPU.Build.0 = Debug|Any CPU
		{56630613-D833-4804-AA2F-CBF7EF5D7A90}.Release|Any CPU.ActiveCfg = Release|Any CPU
		{56630613-D833-4804-AA2F-CBF7EF5D7A90}.Release|Any CPU.Build.0 = Release|Any CPU
	EndGlobalSection
EndGlobal
