
Microsoft Visual Studio Solution File, Format Version 12.00
Project("{2150E333-8FDC-42A3-9474-1A3956D46DE8}") = "src", "src", "{5317EC28-D3A9-48DF-9EA8-95409D730A67}"
EndProject
Project("{2150E333-8FDC-42A3-9474-1A3956D46DE8}") = "test", "test", "{4E1C3A47-731E-4485-B5C4-EEDB1C8D38C2}"
EndProject
Project("{FAE04EC0-301F-11D3-BF4B-00C04F79EFBC}") = "PrimeBooking.Domain.Tests", "test\PrimeBooking.Domain.Tests\PrimeBooking.Domain.Tests.csproj", "{D3BAE318-898D-4F30-A1E8-DBDC1834DB09}"
EndProject
Project("{FAE04EC0-301F-11D3-BF4B-00C04F79EFBC}") = "EventBus.Messages", "src\BuildingBlocks\EventBus.Messages\EventBus.Messages.csproj", "{A4B137D2-E1B0-4036-8F07-3F6D7EB12724}"
EndProject
Project("{2150E333-8FDC-42A3-9474-1A3956D46DE8}") = "BuildingBlocks", "BuildingBlocks", "{67A448E1-949A-4EBA-A8E8-06A4C32D90F5}"
EndProject
Project("{2150E333-8FDC-42A3-9474-1A3956D46DE8}") = "Services", "Services", "{F7DFFDE3-63D2-400A-889A-02FBC8803379}"
EndProject
Project("{2150E333-8FDC-42A3-9474-1A3956D46DE8}") = "Accommodation", "Accommodation", "{378FAFBE-D68C-4C11-ABCB-87C8DB77618E}"
EndProject
Project("{FAE04EC0-301F-11D3-BF4B-00C04F79EFBC}") = "Accommodation.Domain", "src\Services\Accommodation\Accommodation.Domain\Accommodation.Domain.csproj", "{D0FF66E0-3354-4562-AF12-5CD0538AB205}"
EndProject
Project("{FAE04EC0-301F-11D3-BF4B-00C04F79EFBC}") = "Accommodation.Infrastructure", "src\Services\Accommodation\Accommodation.Infrastructure\Accommodation.Infrastructure.csproj", "{50124F56-F25E-4504-BE26-42DD0F92C217}"
EndProject
Project("{FAE04EC0-301F-11D3-BF4B-00C04F79EFBC}") = "Accommodation.Application", "src\Services\Accommodation\Accommodation.Application\Accommodation.Application.csproj", "{22344410-81EA-43E5-A295-F2EA3532F52F}"
EndProject
Project("{FAE04EC0-301F-11D3-BF4B-00C04F79EFBC}") = "Accommodation.API", "src\Services\Accommodation\Accommodation.API\Accommodation.API.csproj", "{01C6B059-85A1-4E5E-AB39-48FD654FD5E2}"
EndProject
Project("{2150E333-8FDC-42A3-9474-1A3956D46DE8}") = "Core", "Core", "{A6B20B07-737B-4443-84EF-B7E3C78D10C4}"
EndProject
Project("{FAE04EC0-301F-11D3-BF4B-00C04F79EFBC}") = "Core.Domain", "src\Services\Core\Core.Domain\Core.Domain.csproj", "{A187AF22-8E97-44DB-9805-261BBADE1653}"
EndProject
Project("{2150E333-8FDC-42A3-9474-1A3956D46DE8}") = "Shared", "Shared", "{2BE74F41-806B-45B8-B8BE-BCCA677871E5}"
EndProject
Project("{FAE04EC0-301F-11D3-BF4B-00C04F79EFBC}") = "PrimeBooking.Serialization", "src\Services\Shared\PrimeBooking.Serialization\PrimeBooking.Serialization.csproj", "{938CF938-CB37-4472-8D88-EF4DB00D8BBA}"
EndProject
Global
	GlobalSection(SolutionConfigurationPlatforms) = preSolution
		Debug|Any CPU = Debug|Any CPU
		Release|Any CPU = Release|Any CPU
	EndGlobalSection
	GlobalSection(NestedProjects) = preSolution
		{D3BAE318-898D-4F30-A1E8-DBDC1834DB09} = {4E1C3A47-731E-4485-B5C4-EEDB1C8D38C2}
		{67A448E1-949A-4EBA-A8E8-06A4C32D90F5} = {5317EC28-D3A9-48DF-9EA8-95409D730A67}
		{A4B137D2-E1B0-4036-8F07-3F6D7EB12724} = {67A448E1-949A-4EBA-A8E8-06A4C32D90F5}
		{F7DFFDE3-63D2-400A-889A-02FBC8803379} = {5317EC28-D3A9-48DF-9EA8-95409D730A67}
		{378FAFBE-D68C-4C11-ABCB-87C8DB77618E} = {F7DFFDE3-63D2-400A-889A-02FBC8803379}
		{D0FF66E0-3354-4562-AF12-5CD0538AB205} = {378FAFBE-D68C-4C11-ABCB-87C8DB77618E}
		{50124F56-F25E-4504-BE26-42DD0F92C217} = {378FAFBE-D68C-4C11-ABCB-87C8DB77618E}
		{22344410-81EA-43E5-A295-F2EA3532F52F} = {378FAFBE-D68C-4C11-ABCB-87C8DB77618E}
		{01C6B059-85A1-4E5E-AB39-48FD654FD5E2} = {378FAFBE-D68C-4C11-ABCB-87C8DB77618E}
		{A6B20B07-737B-4443-84EF-B7E3C78D10C4} = {F7DFFDE3-63D2-400A-889A-02FBC8803379}
		{A187AF22-8E97-44DB-9805-261BBADE1653} = {A6B20B07-737B-4443-84EF-B7E3C78D10C4}
		{2BE74F41-806B-45B8-B8BE-BCCA677871E5} = {F7DFFDE3-63D2-400A-889A-02FBC8803379}
		{938CF938-CB37-4472-8D88-EF4DB00D8BBA} = {2BE74F41-806B-45B8-B8BE-BCCA677871E5}
	EndGlobalSection
	GlobalSection(ProjectConfigurationPlatforms) = postSolution
		{D3BAE318-898D-4F30-A1E8-DBDC1834DB09}.Debug|Any CPU.ActiveCfg = Debug|Any CPU
		{D3BAE318-898D-4F30-A1E8-DBDC1834DB09}.Debug|Any CPU.Build.0 = Debug|Any CPU
		{D3BAE318-898D-4F30-A1E8-DBDC1834DB09}.Release|Any CPU.ActiveCfg = Release|Any CPU
		{D3BAE318-898D-4F30-A1E8-DBDC1834DB09}.Release|Any CPU.Build.0 = Release|Any CPU
		{A4B137D2-E1B0-4036-8F07-3F6D7EB12724}.Debug|Any CPU.ActiveCfg = Debug|Any CPU
		{A4B137D2-E1B0-4036-8F07-3F6D7EB12724}.Debug|Any CPU.Build.0 = Debug|Any CPU
		{A4B137D2-E1B0-4036-8F07-3F6D7EB12724}.Release|Any CPU.ActiveCfg = Release|Any CPU
		{A4B137D2-E1B0-4036-8F07-3F6D7EB12724}.Release|Any CPU.Build.0 = Release|Any CPU
		{D0FF66E0-3354-4562-AF12-5CD0538AB205}.Debug|Any CPU.ActiveCfg = Debug|Any CPU
		{D0FF66E0-3354-4562-AF12-5CD0538AB205}.Debug|Any CPU.Build.0 = Debug|Any CPU
		{D0FF66E0-3354-4562-AF12-5CD0538AB205}.Release|Any CPU.ActiveCfg = Release|Any CPU
		{D0FF66E0-3354-4562-AF12-5CD0538AB205}.Release|Any CPU.Build.0 = Release|Any CPU
		{50124F56-F25E-4504-BE26-42DD0F92C217}.Debug|Any CPU.ActiveCfg = Debug|Any CPU
		{50124F56-F25E-4504-BE26-42DD0F92C217}.Debug|Any CPU.Build.0 = Debug|Any CPU
		{50124F56-F25E-4504-BE26-42DD0F92C217}.Release|Any CPU.ActiveCfg = Release|Any CPU
		{50124F56-F25E-4504-BE26-42DD0F92C217}.Release|Any CPU.Build.0 = Release|Any CPU
		{22344410-81EA-43E5-A295-F2EA3532F52F}.Debug|Any CPU.ActiveCfg = Debug|Any CPU
		{22344410-81EA-43E5-A295-F2EA3532F52F}.Debug|Any CPU.Build.0 = Debug|Any CPU
		{22344410-81EA-43E5-A295-F2EA3532F52F}.Release|Any CPU.ActiveCfg = Release|Any CPU
		{22344410-81EA-43E5-A295-F2EA3532F52F}.Release|Any CPU.Build.0 = Release|Any CPU
		{01C6B059-85A1-4E5E-AB39-48FD654FD5E2}.Debug|Any CPU.ActiveCfg = Debug|Any CPU
		{01C6B059-85A1-4E5E-AB39-48FD654FD5E2}.Debug|Any CPU.Build.0 = Debug|Any CPU
		{01C6B059-85A1-4E5E-AB39-48FD654FD5E2}.Release|Any CPU.ActiveCfg = Release|Any CPU
		{01C6B059-85A1-4E5E-AB39-48FD654FD5E2}.Release|Any CPU.Build.0 = Release|Any CPU
		{A187AF22-8E97-44DB-9805-261BBADE1653}.Debug|Any CPU.ActiveCfg = Debug|Any CPU
		{A187AF22-8E97-44DB-9805-261BBADE1653}.Debug|Any CPU.Build.0 = Debug|Any CPU
		{A187AF22-8E97-44DB-9805-261BBADE1653}.Release|Any CPU.ActiveCfg = Release|Any CPU
		{A187AF22-8E97-44DB-9805-261BBADE1653}.Release|Any CPU.Build.0 = Release|Any CPU
		{938CF938-CB37-4472-8D88-EF4DB00D8BBA}.Debug|Any CPU.ActiveCfg = Debug|Any CPU
		{938CF938-CB37-4472-8D88-EF4DB00D8BBA}.Debug|Any CPU.Build.0 = Debug|Any CPU
		{938CF938-CB37-4472-8D88-EF4DB00D8BBA}.Release|Any CPU.ActiveCfg = Release|Any CPU
		{938CF938-CB37-4472-8D88-EF4DB00D8BBA}.Release|Any CPU.Build.0 = Release|Any CPU
	EndGlobalSection
EndGlobal
